
Microsoft Visual Studio Solution File, Format Version 12.00
# Visual Studio Version 16
VisualStudioVersion = 16.0.31911.196
MinimumVisualStudioVersion = 10.0.40219.1
Project("{9A19103F-16F7-4668-BE54-9A1E7A4F7556}") = "Geo", "Geo\Geo.csproj", "{DC5FA26E-D799-4057-8EB2-F9C69B1F5B32}"
EndProject
Global
	GlobalSection(SolutionConfigurationPlatforms) = preSolution
		Debug|Any CPU = Debug|Any CPU
		Release|Any CPU = Release|Any CPU
	EndGlobalSection
	GlobalSection(ProjectConfigurationPlatforms) = postSolution
		{DC5FA26E-D799-4057-8EB2-F9C69B1F5B32}.Debug|Any CPU.ActiveCfg = Debug|Any CPU
		{DC5FA26E-D799-4057-8EB2-F9C69B1F5B32}.Debug|Any CPU.Build.0 = Debug|Any CPU
		{DC5FA26E-D799-4057-8EB2-F9C69B1F5B32}.Release|Any CPU.ActiveCfg = Release|Any CPU
		{DC5FA26E-D799-4057-8EB2-F9C69B1F5B32}.Release|Any CPU.Build.0 = Release|Any CPU
	EndGlobalSection
	GlobalSection(SolutionProperties) = preSolution
		HideSolutionNode = FALSE
	EndGlobalSection
	GlobalSection(ExtensibilityGlobals) = postSolution
		SolutionGuid = {064435C2-8BE0-4AB7-8D18-C94EB5FBF138}
	EndGlobalSection
EndGlobal
